// !$*UTF8*$!
{
	archiveVersion = 1;
	classes = {
	};
	objectVersion = 50;
	objects = {

/* Begin PBXBuildFile section */
		6990ECE12269295400C087E7 /* AppDelegate.swift in Sources */ = {isa = PBXBuildFile; fileRef = 6990ECE02269295400C087E7 /* AppDelegate.swift */; };
		6990ECE32269295400C087E7 /* ViewController.swift in Sources */ = {isa = PBXBuildFile; fileRef = 6990ECE22269295400C087E7 /* ViewController.swift */; };
		6990ECE62269295400C087E7 /* Main.storyboard in Resources */ = {isa = PBXBuildFile; fileRef = 6990ECE42269295400C087E7 /* Main.storyboard */; };
		6990ECE82269295600C087E7 /* Assets.xcassets in Resources */ = {isa = PBXBuildFile; fileRef = 6990ECE72269295600C087E7 /* Assets.xcassets */; };
		6990ECEB2269295600C087E7 /* LaunchScreen.storyboard in Resources */ = {isa = PBXBuildFile; fileRef = 6990ECE92269295600C087E7 /* LaunchScreen.storyboard */; };
		6990ECF62269295600C087E7 /* DynamoTests.swift in Sources */ = {isa = PBXBuildFile; fileRef = 6990ECF52269295600C087E7 /* DynamoTests.swift */; };
/* End PBXBuildFile section */

/* Begin PBXContainerItemProxy section */
		6990ECF22269295600C087E7 /* PBXContainerItemProxy */ = {
			isa = PBXContainerItemProxy;
			containerPortal = 6990ECD52269295400C087E7 /* Project object */;
			proxyType = 1;
			remoteGlobalIDString = 6990ECDC2269295400C087E7;
			remoteInfo = Dynamo;
		};
/* End PBXContainerItemProxy section */

/* Begin PBXFileReference section */
		6990ECDD2269295400C087E7 /* Dynamo.app */ = {isa = PBXFileReference; explicitFileType = wrapper.application; includeInIndex = 0; path = Dynamo.app; sourceTree = BUILT_PRODUCTS_DIR; };
		6990ECE02269295400C087E7 /* AppDelegate.swift */ = {isa = PBXFileReference; lastKnownFileType = sourcecode.swift; path = AppDelegate.swift; sourceTree = "<group>"; };
		6990ECE22269295400C087E7 /* ViewController.swift */ = {isa = PBXFileReference; lastKnownFileType = sourcecode.swift; path = ViewController.swift; sourceTree = "<group>"; };
		6990ECE52269295400C087E7 /* Base */ = {isa = PBXFileReference; lastKnownFileType = file.storyboard; name = Base; path = Base.lproj/Main.storyboard; sourceTree = "<group>"; };
		6990ECE72269295600C087E7 /* Assets.xcassets */ = {isa = PBXFileReference; lastKnownFileType = folder.assetcatalog; path = Assets.xcassets; sourceTree = "<group>"; };
		6990ECEA2269295600C087E7 /* Base */ = {isa = PBXFileReference; lastKnownFileType = file.storyboard; name = Base; path = Base.lproj/LaunchScreen.storyboard; sourceTree = "<group>"; };
		6990ECEC2269295600C087E7 /* Info.plist */ = {isa = PBXFileReference; lastKnownFileType = text.plist.xml; path = Info.plist; sourceTree = "<group>"; };
		6990ECF12269295600C087E7 /* DynamoTests.xctest */ = {isa = PBXFileReference; explicitFileType = wrapper.cfbundle; includeInIndex = 0; path = DynamoTests.xctest; sourceTree = BUILT_PRODUCTS_DIR; };
		6990ECF52269295600C087E7 /* DynamoTests.swift */ = {isa = PBXFileReference; lastKnownFileType = sourcecode.swift; path = DynamoTests.swift; sourceTree = "<group>"; };
		6990ECF72269295600C087E7 /* Info.plist */ = {isa = PBXFileReference; lastKnownFileType = text.plist.xml; path = Info.plist; sourceTree = "<group>"; };
/* End PBXFileReference section */

/* Begin PBXFrameworksBuildPhase section */
		6990ECDA2269295400C087E7 /* Frameworks */ = {
			isa = PBXFrameworksBuildPhase;
			buildActionMask = 2147483647;
			files = (
			);
			runOnlyForDeploymentPostprocessing = 0;
		};
		6990ECEE2269295600C087E7 /* Frameworks */ = {
			isa = PBXFrameworksBuildPhase;
			buildActionMask = 2147483647;
			files = (
			);
			runOnlyForDeploymentPostprocessing = 0;
		};
/* End PBXFrameworksBuildPhase section */

/* Begin PBXGroup section */
		6990ECD42269295400C087E7 = {
			isa = PBXGroup;
			children = (
				6990ECDF2269295400C087E7 /* Dynamo */,
				6990ECF42269295600C087E7 /* DynamoTests */,
				6990ECDE2269295400C087E7 /* Products */,
			);
			sourceTree = "<group>";
		};
		6990ECDE2269295400C087E7 /* Products */ = {
			isa = PBXGroup;
			children = (
				6990ECDD2269295400C087E7 /* Dynamo.app */,
				6990ECF12269295600C087E7 /* DynamoTests.xctest */,
			);
			name = Products;
			sourceTree = "<group>";
		};
		6990ECDF2269295400C087E7 /* Dynamo */ = {
			isa = PBXGroup;
			children = (
				6990ECE02269295400C087E7 /* AppDelegate.swift */,
				6990ECE22269295400C087E7 /* ViewController.swift */,
				6990ECE42269295400C087E7 /* Main.storyboard */,
				6990ECE72269295600C087E7 /* Assets.xcassets */,
				6990ECE92269295600C087E7 /* LaunchScreen.storyboard */,
				6990ECEC2269295600C087E7 /* Info.plist */,
			);
			path = Dynamo;
			sourceTree = "<group>";
		};
		6990ECF42269295600C087E7 /* DynamoTests */ = {
			isa = PBXGroup;
			children = (
				6990ECF52269295600C087E7 /* DynamoTests.swift */,
				6990ECF72269295600C087E7 /* Info.plist */,
			);
			path = DynamoTests;
			sourceTree = "<group>";
		};
/* End PBXGroup section */

/* Begin PBXNativeTarget section */
		6990ECDC2269295400C087E7 /* Dynamo */ = {
			isa = PBXNativeTarget;
			buildConfigurationList = 6990ECFA2269295600C087E7 /* Build configuration list for PBXNativeTarget "Dynamo" */;
			buildPhases = (
				6990ECD92269295400C087E7 /* Sources */,
				6990ECDA2269295400C087E7 /* Frameworks */,
				6990ECDB2269295400C087E7 /* Resources */,
			);
			buildRules = (
			);
			dependencies = (
			);
			name = Dynamo;
			productName = Dynamo;
			productReference = 6990ECDD2269295400C087E7 /* Dynamo.app */;
			productType = "com.apple.product-type.application";
		};
		6990ECF02269295600C087E7 /* DynamoTests */ = {
			isa = PBXNativeTarget;
			buildConfigurationList = 6990ECFD2269295600C087E7 /* Build configuration list for PBXNativeTarget "DynamoTests" */;
			buildPhases = (
				6990ECED2269295600C087E7 /* Sources */,
				6990ECEE2269295600C087E7 /* Frameworks */,
				6990ECEF2269295600C087E7 /* Resources */,
			);
			buildRules = (
			);
			dependencies = (
				6990ECF32269295600C087E7 /* PBXTargetDependency */,
			);
			name = DynamoTests;
			productName = DynamoTests;
			productReference = 6990ECF12269295600C087E7 /* DynamoTests.xctest */;
			productType = "com.apple.product-type.bundle.unit-test";
		};
/* End PBXNativeTarget section */

/* Begin PBXProject section */
		6990ECD52269295400C087E7 /* Project object */ = {
			isa = PBXProject;
			attributes = {
				LastSwiftUpdateCheck = 1020;
				LastUpgradeCheck = 1020;
				ORGANIZATIONNAME = "Yitian Zou";
				TargetAttributes = {
					6990ECDC2269295400C087E7 = {
						CreatedOnToolsVersion = 10.2;
					};
					6990ECF02269295600C087E7 = {
						CreatedOnToolsVersion = 10.2;
						TestTargetID = 6990ECDC2269295400C087E7;
					};
				};
			};
			buildConfigurationList = 6990ECD82269295400C087E7 /* Build configuration list for PBXProject "Dynamo" */;
			compatibilityVersion = "Xcode 9.3";
			developmentRegion = en;
			hasScannedForEncodings = 0;
			knownRegions = (
				en,
				Base,
			);
			mainGroup = 6990ECD42269295400C087E7;
			productRefGroup = 6990ECDE2269295400C087E7 /* Products */;
			projectDirPath = "";
			projectRoot = "";
			targets = (
				6990ECDC2269295400C087E7 /* Dynamo */,
				6990ECF02269295600C087E7 /* DynamoTests */,
			);
		};
/* End PBXProject section */

/* Begin PBXResourcesBuildPhase section */
		6990ECDB2269295400C087E7 /* Resources */ = {
			isa = PBXResourcesBuildPhase;
			buildActionMask = 2147483647;
			files = (
				6990ECEB2269295600C087E7 /* LaunchScreen.storyboard in Resources */,
				6990ECE82269295600C087E7 /* Assets.xcassets in Resources */,
				6990ECE62269295400C087E7 /* Main.storyboard in Resources */,
			);
			runOnlyForDeploymentPostprocessing = 0;
		};
		6990ECEF2269295600C087E7 /* Resources */ = {
			isa = PBXResourcesBuildPhase;
			buildActionMask = 2147483647;
			files = (
			);
			runOnlyForDeploymentPostprocessing = 0;
		};
/* End PBXResourcesBuildPhase section */

/* Begin PBXSourcesBuildPhase section */
		6990ECD92269295400C087E7 /* Sources */ = {
			isa = PBXSourcesBuildPhase;
			buildActionMask = 2147483647;
			files = (
				6990ECE32269295400C087E7 /* ViewController.swift in Sources */,
				6990ECE12269295400C087E7 /* AppDelegate.swift in Sources */,
			);
			runOnlyForDeploymentPostprocessing = 0;
		};
		6990ECED2269295600C087E7 /* Sources */ = {
			isa = PBXSourcesBuildPhase;
			buildActionMask = 2147483647;
			files = (
				6990ECF62269295600C087E7 /* DynamoTests.swift in Sources */,
			);
			runOnlyForDeploymentPostprocessing = 0;
		};
/* End PBXSourcesBuildPhase section */

/* Begin PBXTargetDependency section */
		6990ECF32269295600C087E7 /* PBXTargetDependency */ = {
			isa = PBXTargetDependency;
			target = 6990ECDC2269295400C087E7 /* Dynamo */;
			targetProxy = 6990ECF22269295600C087E7 /* PBXContainerItemProxy */;
		};
/* End PBXTargetDependency section */

/* Begin PBXVariantGroup section */
		6990ECE42269295400C087E7 /* Main.storyboard */ = {
			isa = PBXVariantGroup;
			children = (
				6990ECE52269295400C087E7 /* Base */,
			);
			name = Main.storyboard;
			sourceTree = "<group>";
		};
		6990ECE92269295600C087E7 /* LaunchScreen.storyboard */ = {
			isa = PBXVariantGroup;
			children = (
				6990ECEA2269295600C087E7 /* Base */,
			);
			name = LaunchScreen.storyboard;
			sourceTree = "<group>";
		};
/* End PBXVariantGroup section */

/* Begin XCBuildConfiguration section */
		6990ECF82269295600C087E7 /* Debug */ = {
			isa = XCBuildConfiguration;
			buildSettings = {
				ALWAYS_SEARCH_USER_PATHS = NO;
				CLANG_ANALYZER_NONNULL = YES;
				CLANG_ANALYZER_NUMBER_OBJECT_CONVERSION = YES_AGGRESSIVE;
				CLANG_CXX_LANGUAGE_STANDARD = "gnu++14";
				CLANG_CXX_LIBRARY = "libc++";
				CLANG_ENABLE_MODULES = YES;
				CLANG_ENABLE_OBJC_ARC = YES;
				CLANG_ENABLE_OBJC_WEAK = YES;
				CLANG_WARN_BLOCK_CAPTURE_AUTORELEASING = YES;
				CLANG_WARN_BOOL_CONVERSION = YES;
				CLANG_WARN_COMMA = YES;
				CLANG_WARN_CONSTANT_CONVERSION = YES;
				CLANG_WARN_DEPRECATED_OBJC_IMPLEMENTATIONS = YES;
				CLANG_WARN_DIRECT_OBJC_ISA_USAGE = YES_ERROR;
				CLANG_WARN_DOCUMENTATION_COMMENTS = YES;
				CLANG_WARN_EMPTY_BODY = YES;
				CLANG_WARN_ENUM_CONVERSION = YES;
				CLANG_WARN_INFINITE_RECURSION = YES;
				CLANG_WARN_INT_CONVERSION = YES;
				CLANG_WARN_NON_LITERAL_NULL_CONVERSION = YES;
				CLANG_WARN_OBJC_IMPLICIT_RETAIN_SELF = YES;
				CLANG_WARN_OBJC_LITERAL_CONVERSION = YES;
				CLANG_WARN_OBJC_ROOT_CLASS = YES_ERROR;
				CLANG_WARN_RANGE_LOOP_ANALYSIS = YES;
				CLANG_WARN_STRICT_PROTOTYPES = YES;
				CLANG_WARN_SUSPICIOUS_MOVE = YES;
				CLANG_WARN_UNGUARDED_AVAILABILITY = YES_AGGRESSIVE;
				CLANG_WARN_UNREACHABLE_CODE = YES;
				CLANG_WARN__DUPLICATE_METHOD_MATCH = YES;
				CODE_SIGN_IDENTITY = "iPhone Developer";
				COPY_PHASE_STRIP = NO;
				DEBUG_INFORMATION_FORMAT = dwarf;
				ENABLE_STRICT_OBJC_MSGSEND = YES;
				ENABLE_TESTABILITY = YES;
				GCC_C_LANGUAGE_STANDARD = gnu11;
				GCC_DYNAMIC_NO_PIC = NO;
				GCC_NO_COMMON_BLOCKS = YES;
				GCC_OPTIMIZATION_LEVEL = 0;
				GCC_PREPROCESSOR_DEFINITIONS = (
					"DEBUG=1",
					"$(inherited)",
				);
				GCC_WARN_64_TO_32_BIT_CONVERSION = YES;
				GCC_WARN_ABOUT_RETURN_TYPE = YES_ERROR;
				GCC_WARN_UNDECLARED_SELECTOR = YES;
				GCC_WARN_UNINITIALIZED_AUTOS = YES_AGGRESSIVE;
				GCC_WARN_UNUSED_FUNCTION = YES;
				GCC_WARN_UNUSED_VARIABLE = YES;
				IPHONEOS_DEPLOYMENT_TARGET = 12.2;
				MTL_ENABLE_DEBUG_INFO = INCLUDE_SOURCE;
				MTL_FAST_MATH = YES;
				ONLY_ACTIVE_ARCH = YES;
				SDKROOT = iphoneos;
				SWIFT_ACTIVE_COMPILATION_CONDITIONS = DEBUG;
				SWIFT_OPTIMIZATION_LEVEL = "-Onone";
			};
			name = Debug;
		};
		6990ECF92269295600C087E7 /* Release */ = {
			isa = XCBuildConfiguration;
			buildSettings = {
				ALWAYS_SEARCH_USER_PATHS = NO;
				CLANG_ANALYZER_NONNULL = YES;
				CLANG_ANALYZER_NUMBER_OBJECT_CONVERSION = YES_AGGRESSIVE;
				CLANG_CXX_LANGUAGE_STANDARD = "gnu++14";
				CLANG_CXX_LIBRARY = "libc++";
				CLANG_ENABLE_MODULES = YES;
				CLANG_ENABLE_OBJC_ARC = YES;
				CLANG_ENABLE_OBJC_WEAK = YES;
				CLANG_WARN_BLOCK_CAPTURE_AUTORELEASING = YES;
				CLANG_WARN_BOOL_CONVERSION = YES;
				CLANG_WARN_COMMA = YES;
				CLANG_WARN_CONSTANT_CONVERSION = YES;
				CLANG_WARN_DEPRECATED_OBJC_IMPLEMENTATIONS = YES;
				CLANG_WARN_DIRECT_OBJC_ISA_USAGE = YES_ERROR;
				CLANG_WARN_DOCUMENTATION_COMMENTS = YES;
				CLANG_WARN_EMPTY_BODY = YES;
				CLANG_WARN_ENUM_CONVERSION = YES;
				CLANG_WARN_INFINITE_RECURSION = YES;
				CLANG_WARN_INT_CONVERSION = YES;
				CLANG_WARN_NON_LITERAL_NULL_CONVERSION = YES;
				CLANG_WARN_OBJC_IMPLICIT_RETAIN_SELF = YES;
				CLANG_WARN_OBJC_LITERAL_CONVERSION = YES;
				CLANG_WARN_OBJC_ROOT_CLASS = YES_ERROR;
				CLANG_WARN_RANGE_LOOP_ANALYSIS = YES;
				CLANG_WARN_STRICT_PROTOTYPES = YES;
				CLANG_WARN_SUSPICIOUS_MOVE = YES;
				CLANG_WARN_UNGUARDED_AVAILABILITY = YES_AGGRESSIVE;
				CLANG_WARN_UNREACHABLE_CODE = YES;
				CLANG_WARN__DUPLICATE_METHOD_MATCH = YES;
				CODE_SIGN_IDENTITY = "iPhone Developer";
				COPY_PHASE_STRIP = NO;
				DEBUG_INFORMATION_FORMAT = "dwarf-with-dsym";
				ENABLE_NS_ASSERTIONS = NO;
				ENABLE_STRICT_OBJC_MSGSEND = YES;
				GCC_C_LANGUAGE_STANDARD = gnu11;
				GCC_NO_COMMON_BLOCKS = YES;
				GCC_WARN_64_TO_32_BIT_CONVERSION = YES;
				GCC_WARN_ABOUT_RETURN_TYPE = YES_ERROR;
				GCC_WARN_UNDECLARED_SELECTOR = YES;
				GCC_WARN_UNINITIALIZED_AUTOS = YES_AGGRESSIVE;
				GCC_WARN_UNUSED_FUNCTION = YES;
				GCC_WARN_UNUSED_VARIABLE = YES;
				IPHONEOS_DEPLOYMENT_TARGET = 12.2;
				MTL_ENABLE_DEBUG_INFO = NO;
				MTL_FAST_MATH = YES;
				SDKROOT = iphoneos;
				SWIFT_COMPILATION_MODE = wholemodule;
				SWIFT_OPTIMIZATION_LEVEL = "-O";
				VALIDATE_PRODUCT = YES;
			};
			name = Release;
		};
		6990ECFB2269295600C087E7 /* Debug */ = {
			isa = XCBuildConfiguration;
			buildSettings = {
				ASSETCATALOG_COMPILER_APPICON_NAME = AppIcon;
				CODE_SIGN_STYLE = Automatic;
				DEVELOPMENT_TEAM = 928V696TXA;
				INFOPLIST_FILE = Dynamo/Info.plist;
				LD_RUNPATH_SEARCH_PATHS = (
					"$(inherited)",
					"@executable_path/Frameworks",
				);
				PRODUCT_BUNDLE_IDENTIFIER = com.example.Dynamo;
				PRODUCT_NAME = "$(TARGET_NAME)";
				SWIFT_VERSION = 5.0;
				TARGETED_DEVICE_FAMILY = "1,2";
			};
			name = Debug;
		};
		6990ECFC2269295600C087E7 /* Release */ = {
			isa = XCBuildConfiguration;
			buildSettings = {
				ASSETCATALOG_COMPILER_APPICON_NAME = AppIcon;
				CODE_SIGN_STYLE = Automatic;
				DEVELOPMENT_TEAM = 928V696TXA;
				INFOPLIST_FILE = Dynamo/Info.plist;
				LD_RUNPATH_SEARCH_PATHS = (
					"$(inherited)",
					"@executable_path/Frameworks",
				);
				PRODUCT_BUNDLE_IDENTIFIER = com.example.Dynamo;
				PRODUCT_NAME = "$(TARGET_NAME)";
				SWIFT_VERSION = 5.0;
				TARGETED_DEVICE_FAMILY = "1,2";
			};
			name = Release;
		};
		6990ECFE2269295600C087E7 /* Debug */ = {
			isa = XCBuildConfiguration;
			buildSettings = {
				ALWAYS_EMBED_SWIFT_STANDARD_LIBRARIES = YES;
				BUNDLE_LOADER = "$(TEST_HOST)";
				CODE_SIGN_STYLE = Automatic;
				DEVELOPMENT_TEAM = 928V696TXA;
				INFOPLIST_FILE = DynamoTests/Info.plist;
				LD_RUNPATH_SEARCH_PATHS = (
					"$(inherited)",
					"@executable_path/Frameworks",
					"@loader_path/Frameworks",
				);
				PRODUCT_BUNDLE_IDENTIFIER = com.example.DynamoTests;
				PRODUCT_NAME = "$(TARGET_NAME)";
				SWIFT_VERSION = 5.0;
				TARGETED_DEVICE_FAMILY = "1,2";
				TEST_HOST = "$(BUILT_PRODUCTS_DIR)/Dynamo.app/Dynamo";
			};
			name = Debug;
		};
		6990ECFF2269295600C087E7 /* Release */ = {
			isa = XCBuildConfiguration;
			buildSettings = {
				ALWAYS_EMBED_SWIFT_STANDARD_LIBRARIES = YES;
				BUNDLE_LOADER = "$(TEST_HOST)";
				CODE_SIGN_STYLE = Automatic;
				DEVELOPMENT_TEAM = 928V696TXA;
				INFOPLIST_FILE = DynamoTests/Info.plist;
				LD_RUNPATH_SEARCH_PATHS = (
					"$(inherited)",
					"@executable_path/Frameworks",
					"@loader_path/Frameworks",
				);
				PRODUCT_BUNDLE_IDENTIFIER = com.example.DynamoTests;
				PRODUCT_NAME = "$(TARGET_NAME)";
				SWIFT_VERSION = 5.0;
				TARGETED_DEVICE_FAMILY = "1,2";
				TEST_HOST = "$(BUILT_PRODUCTS_DIR)/Dynamo.app/Dynamo";
			};
			name = Release;
		};
/* End XCBuildConfiguration section */

/* Begin XCConfigurationList section */
		6990ECD82269295400C087E7 /* Build configuration list for PBXProject "Dynamo" */ = {
			isa = XCConfigurationList;
			buildConfigurations = (
				6990ECF82269295600C087E7 /* Debug */,
				6990ECF92269295600C087E7 /* Release */,
			);
			defaultConfigurationIsVisible = 0;
			defaultConfigurationName = Release;
		};
		6990ECFA2269295600C087E7 /* Build configuration list for PBXNativeTarget "Dynamo" */ = {
			isa = XCConfigurationList;
			buildConfigurations = (
				6990ECFB2269295600C087E7 /* Debug */,
				6990ECFC2269295600C087E7 /* Release */,
			);
			defaultConfigurationIsVisible = 0;
			defaultConfigurationName = Release;
		};
		6990ECFD2269295600C087E7 /* Build configuration list for PBXNativeTarget "DynamoTests" */ = {
			isa = XCConfigurationList;
			buildConfigurations = (
				6990ECFE2269295600C087E7 /* Debug */,
				6990ECFF2269295600C087E7 /* Release */,
			);
			defaultConfigurationIsVisible = 0;
			defaultConfigurationName = Release;
		};
/* End XCConfigurationList section */
	};
	rootObject = 6990ECD52269295400C087E7 /* Project object */;
}
